// !$*UTF8*$!
{
	archiveVersion = 1;
	classes = {
	};
	objectVersion = 50;
	objects = {

/* Begin PBXBuildFile section */
		ECEE6334224C7D0400450B46 /* AppDelegate.swift in Sources */ = {isa = PBXBuildFile; fileRef = ECEE6333224C7D0400450B46 /* AppDelegate.swift */; };
		ECEE6336224C7D0400450B46 /* ViewController.swift in Sources */ = {isa = PBXBuildFile; fileRef = ECEE6335224C7D0400450B46 /* ViewController.swift */; };
		ECEE6339224C7D0400450B46 /* Main.storyboard in Resources */ = {isa = PBXBuildFile; fileRef = ECEE6337224C7D0400450B46 /* Main.storyboard */; };
		ECEE633B224C7D0600450B46 /* Assets.xcassets in Resources */ = {isa = PBXBuildFile; fileRef = ECEE633A224C7D0600450B46 /* Assets.xcassets */; };
		ECEE633E224C7D0700450B46 /* LaunchScreen.storyboard in Resources */ = {isa = PBXBuildFile; fileRef = ECEE633C224C7D0700450B46 /* LaunchScreen.storyboard */; };
		ECEE6349224C7D0700450B46 /* SmartScoresV1Tests.swift in Sources */ = {isa = PBXBuildFile; fileRef = ECEE6348224C7D0700450B46 /* SmartScoresV1Tests.swift */; };
		ECEE6354224C7D0700450B46 /* SmartScoresV1UITests.swift in Sources */ = {isa = PBXBuildFile; fileRef = ECEE6353224C7D0700450B46 /* SmartScoresV1UITests.swift */; };
/* End PBXBuildFile section */

/* Begin PBXContainerItemProxy section */
		ECEE6345224C7D0700450B46 /* PBXContainerItemProxy */ = {
			isa = PBXContainerItemProxy;
			containerPortal = ECEE6328224C7D0400450B46 /* Project object */;
			proxyType = 1;
			remoteGlobalIDString = ECEE632F224C7D0400450B46;
			remoteInfo = SmartScoresV1;
		};
		ECEE6350224C7D0700450B46 /* PBXContainerItemProxy */ = {
			isa = PBXContainerItemProxy;
			containerPortal = ECEE6328224C7D0400450B46 /* Project object */;
			proxyType = 1;
			remoteGlobalIDString = ECEE632F224C7D0400450B46;
			remoteInfo = SmartScoresV1;
		};
/* End PBXContainerItemProxy section */

/* Begin PBXFileReference section */
		ECEE6330224C7D0400450B46 /* SmartScoresV1.app */ = {isa = PBXFileReference; explicitFileType = wrapper.application; includeInIndex = 0; path = SmartScoresV1.app; sourceTree = BUILT_PRODUCTS_DIR; };
		ECEE6333224C7D0400450B46 /* AppDelegate.swift */ = {isa = PBXFileReference; lastKnownFileType = sourcecode.swift; path = AppDelegate.swift; sourceTree = "<group>"; };
		ECEE6335224C7D0400450B46 /* ViewController.swift */ = {isa = PBXFileReference; lastKnownFileType = sourcecode.swift; path = ViewController.swift; sourceTree = "<group>"; };
		ECEE6338224C7D0400450B46 /* Base */ = {isa = PBXFileReference; lastKnownFileType = file.storyboard; name = Base; path = Base.lproj/Main.storyboard; sourceTree = "<group>"; };
		ECEE633A224C7D0600450B46 /* Assets.xcassets */ = {isa = PBXFileReference; lastKnownFileType = folder.assetcatalog; path = Assets.xcassets; sourceTree = "<group>"; };
		ECEE633D224C7D0700450B46 /* Base */ = {isa = PBXFileReference; lastKnownFileType = file.storyboard; name = Base; path = Base.lproj/LaunchScreen.storyboard; sourceTree = "<group>"; };
		ECEE633F224C7D0700450B46 /* Info.plist */ = {isa = PBXFileReference; lastKnownFileType = text.plist.xml; path = Info.plist; sourceTree = "<group>"; };
		ECEE6344224C7D0700450B46 /* SmartScoresV1Tests.xctest */ = {isa = PBXFileReference; explicitFileType = wrapper.cfbundle; includeInIndex = 0; path = SmartScoresV1Tests.xctest; sourceTree = BUILT_PRODUCTS_DIR; };
		ECEE6348224C7D0700450B46 /* SmartScoresV1Tests.swift */ = {isa = PBXFileReference; lastKnownFileType = sourcecode.swift; path = SmartScoresV1Tests.swift; sourceTree = "<group>"; };
		ECEE634A224C7D0700450B46 /* Info.plist */ = {isa = PBXFileReference; lastKnownFileType = text.plist.xml; path = Info.plist; sourceTree = "<group>"; };
		ECEE634F224C7D0700450B46 /* SmartScoresV1UITests.xctest */ = {isa = PBXFileReference; explicitFileType = wrapper.cfbundle; includeInIndex = 0; path = SmartScoresV1UITests.xctest; sourceTree = BUILT_PRODUCTS_DIR; };
		ECEE6353224C7D0700450B46 /* SmartScoresV1UITests.swift */ = {isa = PBXFileReference; lastKnownFileType = sourcecode.swift; path = SmartScoresV1UITests.swift; sourceTree = "<group>"; };
		ECEE6355224C7D0700450B46 /* Info.plist */ = {isa = PBXFileReference; lastKnownFileType = text.plist.xml; path = Info.plist; sourceTree = "<group>"; };
/* End PBXFileReference section */

/* Begin PBXFrameworksBuildPhase section */
		ECEE632D224C7D0400450B46 /* Frameworks */ = {
			isa = PBXFrameworksBuildPhase;
			buildActionMask = 2147483647;
			files = (
			);
			runOnlyForDeploymentPostprocessing = 0;
		};
		ECEE6341224C7D0700450B46 /* Frameworks */ = {
			isa = PBXFrameworksBuildPhase;
			buildActionMask = 2147483647;
			files = (
			);
			runOnlyForDeploymentPostprocessing = 0;
		};
		ECEE634C224C7D0700450B46 /* Frameworks */ = {
			isa = PBXFrameworksBuildPhase;
			buildActionMask = 2147483647;
			files = (
			);
			runOnlyForDeploymentPostprocessing = 0;
		};
/* End PBXFrameworksBuildPhase section */

/* Begin PBXGroup section */
		ECEE6327224C7D0400450B46 = {
			isa = PBXGroup;
			children = (
				ECEE6332224C7D0400450B46 /* SmartScoresV1 */,
				ECEE6347224C7D0700450B46 /* SmartScoresV1Tests */,
				ECEE6352224C7D0700450B46 /* SmartScoresV1UITests */,
				ECEE6331224C7D0400450B46 /* Products */,
			);
			sourceTree = "<group>";
		};
		ECEE6331224C7D0400450B46 /* Products */ = {
			isa = PBXGroup;
			children = (
				ECEE6330224C7D0400450B46 /* SmartScoresV1.app */,
				ECEE6344224C7D0700450B46 /* SmartScoresV1Tests.xctest */,
				ECEE634F224C7D0700450B46 /* SmartScoresV1UITests.xctest */,
			);
			name = Products;
			sourceTree = "<group>";
		};
		ECEE6332224C7D0400450B46 /* SmartScoresV1 */ = {
			isa = PBXGroup;
			children = (
				ECEE6333224C7D0400450B46 /* AppDelegate.swift */,
				ECEE6335224C7D0400450B46 /* ViewController.swift */,
				ECEE6337224C7D0400450B46 /* Main.storyboard */,
				ECEE633A224C7D0600450B46 /* Assets.xcassets */,
				ECEE633C224C7D0700450B46 /* LaunchScreen.storyboard */,
				ECEE633F224C7D0700450B46 /* Info.plist */,
			);
			path = SmartScoresV1;
			sourceTree = "<group>";
		};
		ECEE6347224C7D0700450B46 /* SmartScoresV1Tests */ = {
			isa = PBXGroup;
			children = (
				ECEE6348224C7D0700450B46 /* SmartScoresV1Tests.swift */,
				ECEE634A224C7D0700450B46 /* Info.plist */,
			);
			path = SmartScoresV1Tests;
			sourceTree = "<group>";
		};
		ECEE6352224C7D0700450B46 /* SmartScoresV1UITests */ = {
			isa = PBXGroup;
			children = (
				ECEE6353224C7D0700450B46 /* SmartScoresV1UITests.swift */,
				ECEE6355224C7D0700450B46 /* Info.plist */,
			);
			path = SmartScoresV1UITests;
			sourceTree = "<group>";
		};
/* End PBXGroup section */

/* Begin PBXNativeTarget section */
		ECEE632F224C7D0400450B46 /* SmartScoresV1 */ = {
			isa = PBXNativeTarget;
			buildConfigurationList = ECEE6358224C7D0700450B46 /* Build configuration list for PBXNativeTarget "SmartScoresV1" */;
			buildPhases = (
				ECEE632C224C7D0400450B46 /* Sources */,
				ECEE632D224C7D0400450B46 /* Frameworks */,
				ECEE632E224C7D0400450B46 /* Resources */,
			);
			buildRules = (
			);
			dependencies = (
			);
			name = SmartScoresV1;
			productName = SmartScoresV1;
			productReference = ECEE6330224C7D0400450B46 /* SmartScoresV1.app */;
			productType = "com.apple.product-type.application";
		};
		ECEE6343224C7D0700450B46 /* SmartScoresV1Tests */ = {
			isa = PBXNativeTarget;
			buildConfigurationList = ECEE635B224C7D0700450B46 /* Build configuration list for PBXNativeTarget "SmartScoresV1Tests" */;
			buildPhases = (
				ECEE6340224C7D0700450B46 /* Sources */,
				ECEE6341224C7D0700450B46 /* Frameworks */,
				ECEE6342224C7D0700450B46 /* Resources */,
			);
			buildRules = (
			);
			dependencies = (
				ECEE6346224C7D0700450B46 /* PBXTargetDependency */,
			);
			name = SmartScoresV1Tests;
			productName = SmartScoresV1Tests;
			productReference = ECEE6344224C7D0700450B46 /* SmartScoresV1Tests.xctest */;
			productType = "com.apple.product-type.bundle.unit-test";
		};
		ECEE634E224C7D0700450B46 /* SmartScoresV1UITests */ = {
			isa = PBXNativeTarget;
			buildConfigurationList = ECEE635E224C7D0700450B46 /* Build configuration list for PBXNativeTarget "SmartScoresV1UITests" */;
			buildPhases = (
				ECEE634B224C7D0700450B46 /* Sources */,
				ECEE634C224C7D0700450B46 /* Frameworks */,
				ECEE634D224C7D0700450B46 /* Resources */,
			);
			buildRules = (
			);
			dependencies = (
				ECEE6351224C7D0700450B46 /* PBXTargetDependency */,
			);
			name = SmartScoresV1UITests;
			productName = SmartScoresV1UITests;
			productReference = ECEE634F224C7D0700450B46 /* SmartScoresV1UITests.xctest */;
			productType = "com.apple.product-type.bundle.ui-testing";
		};
/* End PBXNativeTarget section */

/* Begin PBXProject section */
		ECEE6328224C7D0400450B46 /* Project object */ = {
			isa = PBXProject;
			attributes = {
				LastSwiftUpdateCheck = 1020;
				LastUpgradeCheck = 1020;
				ORGANIZATIONNAME = "Ashly Lau";
				TargetAttributes = {
					ECEE632F224C7D0400450B46 = {
						CreatedOnToolsVersion = 10.2;
					};
					ECEE6343224C7D0700450B46 = {
						CreatedOnToolsVersion = 10.2;
						TestTargetID = ECEE632F224C7D0400450B46;
					};
					ECEE634E224C7D0700450B46 = {
						CreatedOnToolsVersion = 10.2;
						TestTargetID = ECEE632F224C7D0400450B46;
					};
				};
			};
			buildConfigurationList = ECEE632B224C7D0400450B46 /* Build configuration list for PBXProject "SmartScoresV1" */;
			compatibilityVersion = "Xcode 9.3";
			developmentRegion = en;
			hasScannedForEncodings = 0;
			knownRegions = (
				en,
				Base,
			);
			mainGroup = ECEE6327224C7D0400450B46;
			productRefGroup = ECEE6331224C7D0400450B46 /* Products */;
			projectDirPath = "";
			projectRoot = "";
			targets = (
				ECEE632F224C7D0400450B46 /* SmartScoresV1 */,
				ECEE6343224C7D0700450B46 /* SmartScoresV1Tests */,
				ECEE634E224C7D0700450B46 /* SmartScoresV1UITests */,
			);
		};
/* End PBXProject section */

/* Begin PBXResourcesBuildPhase section */
		ECEE632E224C7D0400450B46 /* Resources */ = {
			isa = PBXResourcesBuildPhase;
			buildActionMask = 2147483647;
			files = (
				ECEE633E224C7D0700450B46 /* LaunchScreen.storyboard in Resources */,
				ECEE633B224C7D0600450B46 /* Assets.xcassets in Resources */,
				ECEE6339224C7D0400450B46 /* Main.storyboard in Resources */,
			);
			runOnlyForDeploymentPostprocessing = 0;
		};
		ECEE6342224C7D0700450B46 /* Resources */ = {
			isa = PBXResourcesBuildPhase;
			buildActionMask = 2147483647;
			files = (
			);
			runOnlyForDeploymentPostprocessing = 0;
		};
		ECEE634D224C7D0700450B46 /* Resources */ = {
			isa = PBXResourcesBuildPhase;
			buildActionMask = 2147483647;
			files = (
			);
			runOnlyForDeploymentPostprocessing = 0;
		};
/* End PBXResourcesBuildPhase section */

/* Begin PBXSourcesBuildPhase section */
		ECEE632C224C7D0400450B46 /* Sources */ = {
			isa = PBXSourcesBuildPhase;
			buildActionMask = 2147483647;
			files = (
				ECEE6336224C7D0400450B46 /* ViewController.swift in Sources */,
				ECEE6334224C7D0400450B46 /* AppDelegate.swift in Sources */,
			);
			runOnlyForDeploymentPostprocessing = 0;
		};
		ECEE6340224C7D0700450B46 /* Sources */ = {
			isa = PBXSourcesBuildPhase;
			buildActionMask = 2147483647;
			files = (
				ECEE6349224C7D0700450B46 /* SmartScoresV1Tests.swift in Sources */,
			);
			runOnlyForDeploymentPostprocessing = 0;
		};
		ECEE634B224C7D0700450B46 /* Sources */ = {
			isa = PBXSourcesBuildPhase;
			buildActionMask = 2147483647;
			files = (
				ECEE6354224C7D0700450B46 /* SmartScoresV1UITests.swift in Sources */,
			);
			runOnlyForDeploymentPostprocessing = 0;
		};
/* End PBXSourcesBuildPhase section */

/* Begin PBXTargetDependency section */
		ECEE6346224C7D0700450B46 /* PBXTargetDependency */ = {
			isa = PBXTargetDependency;
			target = ECEE632F224C7D0400450B46 /* SmartScoresV1 */;
			targetProxy = ECEE6345224C7D0700450B46 /* PBXContainerItemProxy */;
		};
		ECEE6351224C7D0700450B46 /* PBXTargetDependency */ = {
			isa = PBXTargetDependency;
			target = ECEE632F224C7D0400450B46 /* SmartScoresV1 */;
			targetProxy = ECEE6350224C7D0700450B46 /* PBXContainerItemProxy */;
		};
/* End PBXTargetDependency section */

/* Begin PBXVariantGroup section */
		ECEE6337224C7D0400450B46 /* Main.storyboard */ = {
			isa = PBXVariantGroup;
			children = (
				ECEE6338224C7D0400450B46 /* Base */,
			);
			name = Main.storyboard;
			sourceTree = "<group>";
		};
		ECEE633C224C7D0700450B46 /* LaunchScreen.storyboard */ = {
			isa = PBXVariantGroup;
			children = (
				ECEE633D224C7D0700450B46 /* Base */,
			);
			name = LaunchScreen.storyboard;
			sourceTree = "<group>";
		};
/* End PBXVariantGroup section */

/* Begin XCBuildConfiguration section */
		ECEE6356224C7D0700450B46 /* Debug */ = {
			isa = XCBuildConfiguration;
			buildSettings = {
				ALWAYS_SEARCH_USER_PATHS = NO;
				CLANG_ANALYZER_NONNULL = YES;
				CLANG_ANALYZER_NUMBER_OBJECT_CONVERSION = YES_AGGRESSIVE;
				CLANG_CXX_LANGUAGE_STANDARD = "gnu++14";
				CLANG_CXX_LIBRARY = "libc++";
				CLANG_ENABLE_MODULES = YES;
				CLANG_ENABLE_OBJC_ARC = YES;
				CLANG_ENABLE_OBJC_WEAK = YES;
				CLANG_WARN_BLOCK_CAPTURE_AUTORELEASING = YES;
				CLANG_WARN_BOOL_CONVERSION = YES;
				CLANG_WARN_COMMA = YES;
				CLANG_WARN_CONSTANT_CONVERSION = YES;
				CLANG_WARN_DEPRECATED_OBJC_IMPLEMENTATIONS = YES;
				CLANG_WARN_DIRECT_OBJC_ISA_USAGE = YES_ERROR;
				CLANG_WARN_DOCUMENTATION_COMMENTS = YES;
				CLANG_WARN_EMPTY_BODY = YES;
				CLANG_WARN_ENUM_CONVERSION = YES;
				CLANG_WARN_INFINITE_RECURSION = YES;
				CLANG_WARN_INT_CONVERSION = YES;
				CLANG_WARN_NON_LITERAL_NULL_CONVERSION = YES;
				CLANG_WARN_OBJC_IMPLICIT_RETAIN_SELF = YES;
				CLANG_WARN_OBJC_LITERAL_CONVERSION = YES;
				CLANG_WARN_OBJC_ROOT_CLASS = YES_ERROR;
				CLANG_WARN_RANGE_LOOP_ANALYSIS = YES;
				CLANG_WARN_STRICT_PROTOTYPES = YES;
				CLANG_WARN_SUSPICIOUS_MOVE = YES;
				CLANG_WARN_UNGUARDED_AVAILABILITY = YES_AGGRESSIVE;
				CLANG_WARN_UNREACHABLE_CODE = YES;
				CLANG_WARN__DUPLICATE_METHOD_MATCH = YES;
				CODE_SIGN_IDENTITY = "iPhone Developer";
				COPY_PHASE_STRIP = NO;
				DEBUG_INFORMATION_FORMAT = dwarf;
				ENABLE_STRICT_OBJC_MSGSEND = YES;
				ENABLE_TESTABILITY = YES;
				GCC_C_LANGUAGE_STANDARD = gnu11;
				GCC_DYNAMIC_NO_PIC = NO;
				GCC_NO_COMMON_BLOCKS = YES;
				GCC_OPTIMIZATION_LEVEL = 0;
				GCC_PREPROCESSOR_DEFINITIONS = (
					"DEBUG=1",
					"$(inherited)",
				);
				GCC_WARN_64_TO_32_BIT_CONVERSION = YES;
				GCC_WARN_ABOUT_RETURN_TYPE = YES_ERROR;
				GCC_WARN_UNDECLARED_SELECTOR = YES;
				GCC_WARN_UNINITIALIZED_AUTOS = YES_AGGRESSIVE;
				GCC_WARN_UNUSED_FUNCTION = YES;
				GCC_WARN_UNUSED_VARIABLE = YES;
				IPHONEOS_DEPLOYMENT_TARGET = 12.2;
				MTL_ENABLE_DEBUG_INFO = INCLUDE_SOURCE;
				MTL_FAST_MATH = YES;
				ONLY_ACTIVE_ARCH = YES;
				SDKROOT = iphoneos;
				SWIFT_ACTIVE_COMPILATION_CONDITIONS = DEBUG;
				SWIFT_OPTIMIZATION_LEVEL = "-Onone";
			};
			name = Debug;
		};
		ECEE6357224C7D0700450B46 /* Release */ = {
			isa = XCBuildConfiguration;
			buildSettings = {
				ALWAYS_SEARCH_USER_PATHS = NO;
				CLANG_ANALYZER_NONNULL = YES;
				CLANG_ANALYZER_NUMBER_OBJECT_CONVERSION = YES_AGGRESSIVE;
				CLANG_CXX_LANGUAGE_STANDARD = "gnu++14";
				CLANG_CXX_LIBRARY = "libc++";
				CLANG_ENABLE_MODULES = YES;
				CLANG_ENABLE_OBJC_ARC = YES;
				CLANG_ENABLE_OBJC_WEAK = YES;
				CLANG_WARN_BLOCK_CAPTURE_AUTORELEASING = YES;
				CLANG_WARN_BOOL_CONVERSION = YES;
				CLANG_WARN_COMMA = YES;
				CLANG_WARN_CONSTANT_CONVERSION = YES;
				CLANG_WARN_DEPRECATED_OBJC_IMPLEMENTATIONS = YES;
				CLANG_WARN_DIRECT_OBJC_ISA_USAGE = YES_ERROR;
				CLANG_WARN_DOCUMENTATION_COMMENTS = YES;
				CLANG_WARN_EMPTY_BODY = YES;
				CLANG_WARN_ENUM_CONVERSION = YES;
				CLANG_WARN_INFINITE_RECURSION = YES;
				CLANG_WARN_INT_CONVERSION = YES;
				CLANG_WARN_NON_LITERAL_NULL_CONVERSION = YES;
				CLANG_WARN_OBJC_IMPLICIT_RETAIN_SELF = YES;
				CLANG_WARN_OBJC_LITERAL_CONVERSION = YES;
				CLANG_WARN_OBJC_ROOT_CLASS = YES_ERROR;
				CLANG_WARN_RANGE_LOOP_ANALYSIS = YES;
				CLANG_WARN_STRICT_PROTOTYPES = YES;
				CLANG_WARN_SUSPICIOUS_MOVE = YES;
				CLANG_WARN_UNGUARDED_AVAILABILITY = YES_AGGRESSIVE;
				CLANG_WARN_UNREACHABLE_CODE = YES;
				CLANG_WARN__DUPLICATE_METHOD_MATCH = YES;
				CODE_SIGN_IDENTITY = "iPhone Developer";
				COPY_PHASE_STRIP = NO;
				DEBUG_INFORMATION_FORMAT = "dwarf-with-dsym";
				ENABLE_NS_ASSERTIONS = NO;
				ENABLE_STRICT_OBJC_MSGSEND = YES;
				GCC_C_LANGUAGE_STANDARD = gnu11;
				GCC_NO_COMMON_BLOCKS = YES;
				GCC_WARN_64_TO_32_BIT_CONVERSION = YES;
				GCC_WARN_ABOUT_RETURN_TYPE = YES_ERROR;
				GCC_WARN_UNDECLARED_SELECTOR = YES;
				GCC_WARN_UNINITIALIZED_AUTOS = YES_AGGRESSIVE;
				GCC_WARN_UNUSED_FUNCTION = YES;
				GCC_WARN_UNUSED_VARIABLE = YES;
				IPHONEOS_DEPLOYMENT_TARGET = 12.2;
				MTL_ENABLE_DEBUG_INFO = NO;
				MTL_FAST_MATH = YES;
				SDKROOT = iphoneos;
				SWIFT_COMPILATION_MODE = wholemodule;
				SWIFT_OPTIMIZATION_LEVEL = "-O";
				VALIDATE_PRODUCT = YES;
			};
			name = Release;
		};
		ECEE6359224C7D0700450B46 /* Debug */ = {
			isa = XCBuildConfiguration;
			buildSettings = {
				ASSETCATALOG_COMPILER_APPICON_NAME = AppIcon;
				CODE_SIGN_STYLE = Automatic;
				INFOPLIST_FILE = SmartScoresV1/Info.plist;
				LD_RUNPATH_SEARCH_PATHS = (
					"$(inherited)",
					"@executable_path/Frameworks",
				);
				PRODUCT_BUNDLE_IDENTIFIER = AL.SmartScoresV1;
				PRODUCT_NAME = "$(TARGET_NAME)";
				SWIFT_VERSION = 5.0;
				TARGETED_DEVICE_FAMILY = 2;
			};
			name = Debug;
		};
		ECEE635A224C7D0700450B46 /* Release */ = {
			isa = XCBuildConfiguration;
			buildSettings = {
				ASSETCATALOG_COMPILER_APPICON_NAME = AppIcon;
				CODE_SIGN_STYLE = Automatic;
				INFOPLIST_FILE = SmartScoresV1/Info.plist;
				LD_RUNPATH_SEARCH_PATHS = (
					"$(inherited)",
					"@executable_path/Frameworks",
				);
				PRODUCT_BUNDLE_IDENTIFIER = AL.SmartScoresV1;
				PRODUCT_NAME = "$(TARGET_NAME)";
				SWIFT_VERSION = 5.0;
				TARGETED_DEVICE_FAMILY = 2;
			};
			name = Release;
		};
		ECEE635C224C7D0700450B46 /* Debug */ = {
			isa = XCBuildConfiguration;
			buildSettings = {
				ALWAYS_EMBED_SWIFT_STANDARD_LIBRARIES = YES;
				BUNDLE_LOADER = "$(TEST_HOST)";
				CODE_SIGN_STYLE = Automatic;
				INFOPLIST_FILE = SmartScoresV1Tests/Info.plist;
				LD_RUNPATH_SEARCH_PATHS = (
					"$(inherited)",
					"@executable_path/Frameworks",
					"@loader_path/Frameworks",
				);
				PRODUCT_BUNDLE_IDENTIFIER = AL.SmartScoresV1Tests;
				PRODUCT_NAME = "$(TARGET_NAME)";
				SWIFT_VERSION = 5.0;
				TARGETED_DEVICE_FAMILY = "1,2";
				TEST_HOST = "$(BUILT_PRODUCTS_DIR)/SmartScoresV1.app/SmartScoresV1";
			};
			name = Debug;
		};
		ECEE635D224C7D0700450B46 /* Release */ = {
			isa = XCBuildConfiguration;
			buildSettings = {
				ALWAYS_EMBED_SWIFT_STANDARD_LIBRARIES = YES;
				BUNDLE_LOADER = "$(TEST_HOST)";
				CODE_SIGN_STYLE = Automatic;
				INFOPLIST_FILE = SmartScoresV1Tests/Info.plist;
				LD_RUNPATH_SEARCH_PATHS = (
					"$(inherited)",
					"@executable_path/Frameworks",
					"@loader_path/Frameworks",
				);
				PRODUCT_BUNDLE_IDENTIFIER = AL.SmartScoresV1Tests;
				PRODUCT_NAME = "$(TARGET_NAME)";
				SWIFT_VERSION = 5.0;
				TARGETED_DEVICE_FAMILY = "1,2";
				TEST_HOST = "$(BUILT_PRODUCTS_DIR)/SmartScoresV1.app/SmartScoresV1";
			};
			name = Release;
		};
		ECEE635F224C7D0700450B46 /* Debug */ = {
			isa = XCBuildConfiguration;
			buildSettings = {
				ALWAYS_EMBED_SWIFT_STANDARD_LIBRARIES = YES;
				CODE_SIGN_STYLE = Automatic;
				INFOPLIST_FILE = SmartScoresV1UITests/Info.plist;
				LD_RUNPATH_SEARCH_PATHS = (
					"$(inherited)",
					"@executable_path/Frameworks",
					"@loader_path/Frameworks",
				);
				PRODUCT_BUNDLE_IDENTIFIER = AL.SmartScoresV1UITests;
				PRODUCT_NAME = "$(TARGET_NAME)";
				SWIFT_VERSION = 5.0;
				TARGETED_DEVICE_FAMILY = "1,2";
				TEST_TARGET_NAME = SmartScoresV1;
			};
			name = Debug;
		};
		ECEE6360224C7D0700450B46 /* Release */ = {
			isa = XCBuildConfiguration;
			buildSettings = {
				ALWAYS_EMBED_SWIFT_STANDARD_LIBRARIES = YES;
				CODE_SIGN_STYLE = Automatic;
				INFOPLIST_FILE = SmartScoresV1UITests/Info.plist;
				LD_RUNPATH_SEARCH_PATHS = (
					"$(inherited)",
					"@executable_path/Frameworks",
					"@loader_path/Frameworks",
				);
				PRODUCT_BUNDLE_IDENTIFIER = AL.SmartScoresV1UITests;
				PRODUCT_NAME = "$(TARGET_NAME)";
				SWIFT_VERSION = 5.0;
				TARGETED_DEVICE_FAMILY = "1,2";
				TEST_TARGET_NAME = SmartScoresV1;
			};
			name = Release;
		};
/* End XCBuildConfiguration section */

/* Begin XCConfigurationList section */
		ECEE632B224C7D0400450B46 /* Build configuration list for PBXProject "SmartScoresV1" */ = {
			isa = XCConfigurationList;
			buildConfigurations = (
				ECEE6356224C7D0700450B46 /* Debug */,
				ECEE6357224C7D0700450B46 /* Release */,
			);
			defaultConfigurationIsVisible = 0;
			defaultConfigurationName = Release;
		};
		ECEE6358224C7D0700450B46 /* Build configuration list for PBXNativeTarget "SmartScoresV1" */ = {
			isa = XCConfigurationList;
			buildConfigurations = (
				ECEE6359224C7D0700450B46 /* Debug */,
				ECEE635A224C7D0700450B46 /* Release */,
			);
			defaultConfigurationIsVisible = 0;
			defaultConfigurationName = Release;
		};
		ECEE635B224C7D0700450B46 /* Build configuration list for PBXNativeTarget "SmartScoresV1Tests" */ = {
			isa = XCConfigurationList;
			buildConfigurations = (
				ECEE635C224C7D0700450B46 /* Debug */,
				ECEE635D224C7D0700450B46 /* Release */,
			);
			defaultConfigurationIsVisible = 0;
			defaultConfigurationName = Release;
		};
		ECEE635E224C7D0700450B46 /* Build configuration list for PBXNativeTarget "SmartScoresV1UITests" */ = {
			isa = XCConfigurationList;
			buildConfigurations = (
				ECEE635F224C7D0700450B46 /* Debug */,
				ECEE6360224C7D0700450B46 /* Release */,
			);
			defaultConfigurationIsVisible = 0;
			defaultConfigurationName = Release;
		};
/* End XCConfigurationList section */
	};
	rootObject = ECEE6328224C7D0400450B46 /* Project object */;
}
